
Microsoft Visual Studio Solution File, Format Version 12.00
# Visual Studio Version 17
VisualStudioVersion = 17.13.35825.156 d17.13
MinimumVisualStudioVersion = 10.0.40219.1
Project("{FAE04EC0-301F-11D3-BF4B-00C04F79EFBC}") = "QuickSort", "QuickSort\QuickSort.csproj", "{65667792-D5A0-4549-AA1C-D8BB8FC58D87}"
EndProject
Global
	GlobalSection(SolutionConfigurationPlatforms) = preSolution
		Debug|Any CPU = Debug|Any CPU
		Release|Any CPU = Release|Any CPU
	EndGlobalSection
	GlobalSection(ProjectConfigurationPlatforms) = postSolution
		{65667792-D5A0-4549-AA1C-D8BB8FC58D87}.Debug|Any CPU.ActiveCfg = Debug|Any CPU
		{65667792-D5A0-4549-AA1C-D8BB8FC58D87}.Debug|Any CPU.Build.0 = Debug|Any CPU
		{65667792-D5A0-4549-AA1C-D8BB8FC58D87}.Release|Any CPU.ActiveCfg = Release|Any CPU
		{65667792-D5A0-4549-AA1C-D8BB8FC58D87}.Release|Any CPU.Build.0 = Release|Any CPU
	EndGlobalSection
	GlobalSection(SolutionProperties) = preSolution
		HideSolutionNode = FALSE
	EndGlobalSection
	GlobalSection(ExtensibilityGlobals) = postSolution
		SolutionGuid = {1EBF6EAE-D912-4C57-9706-D24E1AC171A2}
	EndGlobalSection
EndGlobal
