
Microsoft Visual Studio Solution File, Format Version 12.00
# Visual Studio Version 17
VisualStudioVersion = 17.13.35825.156 d17.13
MinimumVisualStudioVersion = 10.0.40219.1
Project("{FAE04EC0-301F-11D3-BF4B-00C04F79EFBC}") = "Hafta3DersKodu3", "Hafta3DersKodu3\Hafta3DersKodu3.csproj", "{847E2D6D-FFB2-40B7-864B-FA086EA23DBC}"
EndProject
Global
	GlobalSection(SolutionConfigurationPlatforms) = preSolution
		Debug|Any CPU = Debug|Any CPU
		Release|Any CPU = Release|Any CPU
	EndGlobalSection
	GlobalSection(ProjectConfigurationPlatforms) = postSolution
		{847E2D6D-FFB2-40B7-864B-FA086EA23DBC}.Debug|Any CPU.ActiveCfg = Debug|Any CPU
		{847E2D6D-FFB2-40B7-864B-FA086EA23DBC}.Debug|Any CPU.Build.0 = Debug|Any CPU
		{847E2D6D-FFB2-40B7-864B-FA086EA23DBC}.Release|Any CPU.ActiveCfg = Release|Any CPU
		{847E2D6D-FFB2-40B7-864B-FA086EA23DBC}.Release|Any CPU.Build.0 = Release|Any CPU
	EndGlobalSection
	GlobalSection(SolutionProperties) = preSolution
		HideSolutionNode = FALSE
	EndGlobalSection
	GlobalSection(ExtensibilityGlobals) = postSolution
		SolutionGuid = {30682A1A-6E20-4DC0-9520-FE93D9DAF01C}
	EndGlobalSection
EndGlobal
