
Microsoft Visual Studio Solution File, Format Version 12.00
# Visual Studio Version 17
VisualStudioVersion = 17.13.35825.156 d17.13
MinimumVisualStudioVersion = 10.0.40219.1
Project("{FAE04EC0-301F-11D3-BF4B-00C04F79EFBC}") = "Hafta3DersKodu2", "Hafta3DersKodu2\Hafta3DersKodu2.csproj", "{E9F679A1-369C-4849-A6A0-0A40EC208228}"
EndProject
Global
	GlobalSection(SolutionConfigurationPlatforms) = preSolution
		Debug|Any CPU = Debug|Any CPU
		Release|Any CPU = Release|Any CPU
	EndGlobalSection
	GlobalSection(ProjectConfigurationPlatforms) = postSolution
		{E9F679A1-369C-4849-A6A0-0A40EC208228}.Debug|Any CPU.ActiveCfg = Debug|Any CPU
		{E9F679A1-369C-4849-A6A0-0A40EC208228}.Debug|Any CPU.Build.0 = Debug|Any CPU
		{E9F679A1-369C-4849-A6A0-0A40EC208228}.Release|Any CPU.ActiveCfg = Release|Any CPU
		{E9F679A1-369C-4849-A6A0-0A40EC208228}.Release|Any CPU.Build.0 = Release|Any CPU
	EndGlobalSection
	GlobalSection(SolutionProperties) = preSolution
		HideSolutionNode = FALSE
	EndGlobalSection
	GlobalSection(ExtensibilityGlobals) = postSolution
		SolutionGuid = {51268F60-47D1-4ACB-910A-F003ED14C377}
	EndGlobalSection
EndGlobal
