
Microsoft Visual Studio Solution File, Format Version 12.00
# Visual Studio Version 17
VisualStudioVersion = 17.13.35825.156 d17.13
MinimumVisualStudioVersion = 10.0.40219.1
Project("{FAE04EC0-301F-11D3-BF4B-00C04F79EFBC}") = "Hafta3DersKodu4", "Hafta3DersKodu4\Hafta3DersKodu4.csproj", "{DDCF7E72-5159-4AD5-AA63-B6D4B7A2A792}"
EndProject
Global
	GlobalSection(SolutionConfigurationPlatforms) = preSolution
		Debug|Any CPU = Debug|Any CPU
		Release|Any CPU = Release|Any CPU
	EndGlobalSection
	GlobalSection(ProjectConfigurationPlatforms) = postSolution
		{DDCF7E72-5159-4AD5-AA63-B6D4B7A2A792}.Debug|Any CPU.ActiveCfg = Debug|Any CPU
		{DDCF7E72-5159-4AD5-AA63-B6D4B7A2A792}.Debug|Any CPU.Build.0 = Debug|Any CPU
		{DDCF7E72-5159-4AD5-AA63-B6D4B7A2A792}.Release|Any CPU.ActiveCfg = Release|Any CPU
		{DDCF7E72-5159-4AD5-AA63-B6D4B7A2A792}.Release|Any CPU.Build.0 = Release|Any CPU
	EndGlobalSection
	GlobalSection(SolutionProperties) = preSolution
		HideSolutionNode = FALSE
	EndGlobalSection
	GlobalSection(ExtensibilityGlobals) = postSolution
		SolutionGuid = {7E4C69BA-6524-412A-B86E-62BEE14A9D67}
	EndGlobalSection
EndGlobal
