
Microsoft Visual Studio Solution File, Format Version 12.00
# Visual Studio Version 17
VisualStudioVersion = 17.13.35825.156 d17.13
MinimumVisualStudioVersion = 10.0.40219.1
Project("{FAE04EC0-301F-11D3-BF4B-00C04F79EFBC}") = "kadaneAlgorithm", "kadaneAlgorithm\kadaneAlgorithm.csproj", "{C9E38C4F-7C80-4283-8E6D-76FB0DA919B3}"
EndProject
Global
	GlobalSection(SolutionConfigurationPlatforms) = preSolution
		Debug|Any CPU = Debug|Any CPU
		Release|Any CPU = Release|Any CPU
	EndGlobalSection
	GlobalSection(ProjectConfigurationPlatforms) = postSolution
		{C9E38C4F-7C80-4283-8E6D-76FB0DA919B3}.Debug|Any CPU.ActiveCfg = Debug|Any CPU
		{C9E38C4F-7C80-4283-8E6D-76FB0DA919B3}.Debug|Any CPU.Build.0 = Debug|Any CPU
		{C9E38C4F-7C80-4283-8E6D-76FB0DA919B3}.Release|Any CPU.ActiveCfg = Release|Any CPU
		{C9E38C4F-7C80-4283-8E6D-76FB0DA919B3}.Release|Any CPU.Build.0 = Release|Any CPU
	EndGlobalSection
	GlobalSection(SolutionProperties) = preSolution
		HideSolutionNode = FALSE
	EndGlobalSection
	GlobalSection(ExtensibilityGlobals) = postSolution
		SolutionGuid = {FC81DD63-EC4A-453E-A7C6-76B1DD3980E5}
	EndGlobalSection
EndGlobal
